
Microsoft Visual Studio Solution File, Format Version 12.00
# Visual Studio Version 16
VisualStudioVersion = 16.0.31702.278
MinimumVisualStudioVersion = 10.0.40219.1
Project("{FAE04EC0-301F-11D3-BF4B-00C04F79EFBC}") = "ex4For", "ex4For\ex4For.csproj", "{2B9E3022-A9DD-4AD2-B44C-2C88EFF84929}"
EndProject
Global
	GlobalSection(SolutionConfigurationPlatforms) = preSolution
		Debug|Any CPU = Debug|Any CPU
		Release|Any CPU = Release|Any CPU
	EndGlobalSection
	GlobalSection(ProjectConfigurationPlatforms) = postSolution
		{2B9E3022-A9DD-4AD2-B44C-2C88EFF84929}.Debug|Any CPU.ActiveCfg = Debug|Any CPU
		{2B9E3022-A9DD-4AD2-B44C-2C88EFF84929}.Debug|Any CPU.Build.0 = Debug|Any CPU
		{2B9E3022-A9DD-4AD2-B44C-2C88EFF84929}.Release|Any CPU.ActiveCfg = Release|Any CPU
		{2B9E3022-A9DD-4AD2-B44C-2C88EFF84929}.Release|Any CPU.Build.0 = Release|Any CPU
	EndGlobalSection
	GlobalSection(SolutionProperties) = preSolution
		HideSolutionNode = FALSE
	EndGlobalSection
	GlobalSection(ExtensibilityGlobals) = postSolution
		SolutionGuid = {D0B51BD5-E045-413D-8BD9-DB49610565B1}
	EndGlobalSection
EndGlobal
